
Microsoft Visual Studio Solution File, Format Version 12.00
# Visual Studio 2015
Project("{FAE04EC0-301F-11D3-BF4B-00C04F79EFBC}") = "sample", "sample.csproj", "{573D4E8A-51F7-95E1-F0EC-85BE510A51B8}"
EndProject
Project("{FAE04EC0-301F-11D3-BF4B-00C04F79EFBC}") = "sample.Plugins", "sample.Plugins.csproj", "{46F0174B-891A-A51D-9D0B-A99011071330}"
EndProject
Project("{FAE04EC0-301F-11D3-BF4B-00C04F79EFBC}") = "sample.Editor", "sample.Editor.csproj", "{8CB0EC5D-831A-C13B-7C2F-E3A419D36DEA}"
EndProject
Project("{FAE04EC0-301F-11D3-BF4B-00C04F79EFBC}") = "sample.Editor.Plugins", "sample.Editor.Plugins.csproj", "{0738420C-D53F-B9C8-613F-418DB0BCA8C4}"
EndProject
Global
	GlobalSection(SolutionConfigurationPlatforms) = preSolution
		Debug|Any CPU = Debug|Any CPU
		Release|Any CPU = Release|Any CPU
	EndGlobalSection
	GlobalSection(ProjectConfigurationPlatforms) = postSolution
		{573D4E8A-51F7-95E1-F0EC-85BE510A51B8}.Debug|Any CPU.ActiveCfg = Debug|Any CPU
		{573D4E8A-51F7-95E1-F0EC-85BE510A51B8}.Debug|Any CPU.Build.0 = Debug|Any CPU
		{573D4E8A-51F7-95E1-F0EC-85BE510A51B8}.Release|Any CPU.ActiveCfg = Release|Any CPU
		{573D4E8A-51F7-95E1-F0EC-85BE510A51B8}.Release|Any CPU.Build.0 = Release|Any CPU
		{46F0174B-891A-A51D-9D0B-A99011071330}.Debug|Any CPU.ActiveCfg = Debug|Any CPU
		{46F0174B-891A-A51D-9D0B-A99011071330}.Debug|Any CPU.Build.0 = Debug|Any CPU
		{46F0174B-891A-A51D-9D0B-A99011071330}.Release|Any CPU.ActiveCfg = Release|Any CPU
		{46F0174B-891A-A51D-9D0B-A99011071330}.Release|Any CPU.Build.0 = Release|Any CPU
		{8CB0EC5D-831A-C13B-7C2F-E3A419D36DEA}.Debug|Any CPU.ActiveCfg = Debug|Any CPU
		{8CB0EC5D-831A-C13B-7C2F-E3A419D36DEA}.Debug|Any CPU.Build.0 = Debug|Any CPU
		{8CB0EC5D-831A-C13B-7C2F-E3A419D36DEA}.Release|Any CPU.ActiveCfg = Release|Any CPU
		{8CB0EC5D-831A-C13B-7C2F-E3A419D36DEA}.Release|Any CPU.Build.0 = Release|Any CPU
		{0738420C-D53F-B9C8-613F-418DB0BCA8C4}.Debug|Any CPU.ActiveCfg = Debug|Any CPU
		{0738420C-D53F-B9C8-613F-418DB0BCA8C4}.Debug|Any CPU.Build.0 = Debug|Any CPU
		{0738420C-D53F-B9C8-613F-418DB0BCA8C4}.Release|Any CPU.ActiveCfg = Release|Any CPU
		{0738420C-D53F-B9C8-613F-418DB0BCA8C4}.Release|Any CPU.Build.0 = Release|Any CPU
	EndGlobalSection
	GlobalSection(SolutionProperties) = preSolution
		HideSolutionNode = FALSE
	EndGlobalSection
EndGlobal
